
Microsoft Visual Studio Solution File, Format Version 12.00
# Visual Studio 15
VisualStudioVersion = 15.0.27004.2002
MinimumVisualStudioVersion = 10.0.40219.1
Project("{FAE04EC0-301F-11D3-BF4B-00C04F79EFBC}") = "MultiConversionApp", "MultiConversionApp\MultiConversionApp.csproj", "{FDDAED86-2C3D-4114-A108-3C9A8DBF69FF}"
EndProject
Global
	GlobalSection(SolutionConfigurationPlatforms) = preSolution
		Debug|Any CPU = Debug|Any CPU
		Release|Any CPU = Release|Any CPU
	EndGlobalSection
	GlobalSection(ProjectConfigurationPlatforms) = postSolution
		{FDDAED86-2C3D-4114-A108-3C9A8DBF69FF}.Debug|Any CPU.ActiveCfg = Debug|Any CPU
		{FDDAED86-2C3D-4114-A108-3C9A8DBF69FF}.Debug|Any CPU.Build.0 = Debug|Any CPU
		{FDDAED86-2C3D-4114-A108-3C9A8DBF69FF}.Release|Any CPU.ActiveCfg = Release|Any CPU
		{FDDAED86-2C3D-4114-A108-3C9A8DBF69FF}.Release|Any CPU.Build.0 = Release|Any CPU
	EndGlobalSection
	GlobalSection(SolutionProperties) = preSolution
		HideSolutionNode = FALSE
	EndGlobalSection
	GlobalSection(ExtensibilityGlobals) = postSolution
		SolutionGuid = {F1EDBEEA-643B-42F7-95F9-0478C259EB00}
	EndGlobalSection
EndGlobal
